
Microsoft Visual Studio Solution File, Format Version 11.00
# Visual Studio 2010
Project("{FAE04EC0-301F-11D3-BF4B-00C04F79EFBC}") = "StraightSkeleton", "StraightSkeleton\StraightSkeleton.csproj", "{8C7A452F-C316-47BF-B63E-9E93C5C41FF0}"
EndProject
Project("{2150E333-8FDC-42A3-9474-1A3956D46DE8}") = "Solution Items", "Solution Items", "{6B1744AE-6E62-43AC-9875-FF88C4815CDD}"
EndProject
Project("{FAE04EC0-301F-11D3-BF4B-00C04F79EFBC}") = "StraightSkeletonLibTests", "StraightSkeletonTests\StraightSkeletonLibTests.csproj", "{58A74D12-3F41-4A08-B1B6-81E5D15D620C}"
EndProject
Project("{FAE04EC0-301F-11D3-BF4B-00C04F79EFBC}") = "StraightSkeletonLib", "StraightSkeletonLib\StraightSkeletonLib.csproj", "{740AC952-F47B-4CB2-A98F-E479CFDC3D26}"
EndProject
Project("{FAE04EC0-301F-11D3-BF4B-00C04F79EFBC}") = "InputReaders", "InputReaders\InputReaders.csproj", "{8228577B-3F0B-4AA8-9294-A5DF2C618B2B}"
EndProject
Project("{FAE04EC0-301F-11D3-BF4B-00C04F79EFBC}") = "InputReadersTests", "InputReadersTests\InputReadersTests.csproj", "{9BD71AE2-4811-43D7-8BD8-E66173AC2420}"
EndProject
Global
	GlobalSection(TestCaseManagementSettings) = postSolution
		CategoryFile = StraightSkeleton.vsmdi
	EndGlobalSection
	GlobalSection(SolutionConfigurationPlatforms) = preSolution
		Debug|Any CPU = Debug|Any CPU
		Debug|Mixed Platforms = Debug|Mixed Platforms
		Debug|x86 = Debug|x86
		Release|Any CPU = Release|Any CPU
		Release|Mixed Platforms = Release|Mixed Platforms
		Release|x86 = Release|x86
	EndGlobalSection
	GlobalSection(ProjectConfigurationPlatforms) = postSolution
		{8C7A452F-C316-47BF-B63E-9E93C5C41FF0}.Debug|Any CPU.ActiveCfg = Debug|x86
		{8C7A452F-C316-47BF-B63E-9E93C5C41FF0}.Debug|Mixed Platforms.ActiveCfg = Debug|x86
		{8C7A452F-C316-47BF-B63E-9E93C5C41FF0}.Debug|Mixed Platforms.Build.0 = Debug|x86
		{8C7A452F-C316-47BF-B63E-9E93C5C41FF0}.Debug|x86.ActiveCfg = Debug|x86
		{8C7A452F-C316-47BF-B63E-9E93C5C41FF0}.Debug|x86.Build.0 = Debug|x86
		{8C7A452F-C316-47BF-B63E-9E93C5C41FF0}.Release|Any CPU.ActiveCfg = Release|x86
		{8C7A452F-C316-47BF-B63E-9E93C5C41FF0}.Release|Mixed Platforms.ActiveCfg = Release|x86
		{8C7A452F-C316-47BF-B63E-9E93C5C41FF0}.Release|Mixed Platforms.Build.0 = Release|x86
		{8C7A452F-C316-47BF-B63E-9E93C5C41FF0}.Release|x86.ActiveCfg = Release|x86
		{8C7A452F-C316-47BF-B63E-9E93C5C41FF0}.Release|x86.Build.0 = Release|x86
		{58A74D12-3F41-4A08-B1B6-81E5D15D620C}.Debug|Any CPU.ActiveCfg = Debug|Any CPU
		{58A74D12-3F41-4A08-B1B6-81E5D15D620C}.Debug|Any CPU.Build.0 = Debug|Any CPU
		{58A74D12-3F41-4A08-B1B6-81E5D15D620C}.Debug|Mixed Platforms.ActiveCfg = Debug|Any CPU
		{58A74D12-3F41-4A08-B1B6-81E5D15D620C}.Debug|Mixed Platforms.Build.0 = Debug|Any CPU
		{58A74D12-3F41-4A08-B1B6-81E5D15D620C}.Debug|x86.ActiveCfg = Debug|Any CPU
		{58A74D12-3F41-4A08-B1B6-81E5D15D620C}.Release|Any CPU.ActiveCfg = Release|Any CPU
		{58A74D12-3F41-4A08-B1B6-81E5D15D620C}.Release|Any CPU.Build.0 = Release|Any CPU
		{58A74D12-3F41-4A08-B1B6-81E5D15D620C}.Release|Mixed Platforms.ActiveCfg = Release|Any CPU
		{58A74D12-3F41-4A08-B1B6-81E5D15D620C}.Release|Mixed Platforms.Build.0 = Release|Any CPU
		{58A74D12-3F41-4A08-B1B6-81E5D15D620C}.Release|x86.ActiveCfg = Release|Any CPU
		{740AC952-F47B-4CB2-A98F-E479CFDC3D26}.Debug|Any CPU.ActiveCfg = Debug|Any CPU
		{740AC952-F47B-4CB2-A98F-E479CFDC3D26}.Debug|Any CPU.Build.0 = Debug|Any CPU
		{740AC952-F47B-4CB2-A98F-E479CFDC3D26}.Debug|Mixed Platforms.ActiveCfg = Debug|Any CPU
		{740AC952-F47B-4CB2-A98F-E479CFDC3D26}.Debug|Mixed Platforms.Build.0 = Debug|Any CPU
		{740AC952-F47B-4CB2-A98F-E479CFDC3D26}.Debug|x86.ActiveCfg = Debug|Any CPU
		{740AC952-F47B-4CB2-A98F-E479CFDC3D26}.Release|Any CPU.ActiveCfg = Release|Any CPU
		{740AC952-F47B-4CB2-A98F-E479CFDC3D26}.Release|Any CPU.Build.0 = Release|Any CPU
		{740AC952-F47B-4CB2-A98F-E479CFDC3D26}.Release|Mixed Platforms.ActiveCfg = Release|Any CPU
		{740AC952-F47B-4CB2-A98F-E479CFDC3D26}.Release|Mixed Platforms.Build.0 = Release|Any CPU
		{740AC952-F47B-4CB2-A98F-E479CFDC3D26}.Release|x86.ActiveCfg = Release|Any CPU
		{8228577B-3F0B-4AA8-9294-A5DF2C618B2B}.Debug|Any CPU.ActiveCfg = Debug|Any CPU
		{8228577B-3F0B-4AA8-9294-A5DF2C618B2B}.Debug|Any CPU.Build.0 = Debug|Any CPU
		{8228577B-3F0B-4AA8-9294-A5DF2C618B2B}.Debug|Mixed Platforms.ActiveCfg = Debug|Any CPU
		{8228577B-3F0B-4AA8-9294-A5DF2C618B2B}.Debug|Mixed Platforms.Build.0 = Debug|Any CPU
		{8228577B-3F0B-4AA8-9294-A5DF2C618B2B}.Debug|x86.ActiveCfg = Debug|Any CPU
		{8228577B-3F0B-4AA8-9294-A5DF2C618B2B}.Release|Any CPU.ActiveCfg = Release|Any CPU
		{8228577B-3F0B-4AA8-9294-A5DF2C618B2B}.Release|Any CPU.Build.0 = Release|Any CPU
		{8228577B-3F0B-4AA8-9294-A5DF2C618B2B}.Release|Mixed Platforms.ActiveCfg = Release|Any CPU
		{8228577B-3F0B-4AA8-9294-A5DF2C618B2B}.Release|Mixed Platforms.Build.0 = Release|Any CPU
		{8228577B-3F0B-4AA8-9294-A5DF2C618B2B}.Release|x86.ActiveCfg = Release|Any CPU
		{9BD71AE2-4811-43D7-8BD8-E66173AC2420}.Debug|Any CPU.ActiveCfg = Debug|Any CPU
		{9BD71AE2-4811-43D7-8BD8-E66173AC2420}.Debug|Any CPU.Build.0 = Debug|Any CPU
		{9BD71AE2-4811-43D7-8BD8-E66173AC2420}.Debug|Mixed Platforms.ActiveCfg = Debug|Any CPU
		{9BD71AE2-4811-43D7-8BD8-E66173AC2420}.Debug|Mixed Platforms.Build.0 = Debug|Any CPU
		{9BD71AE2-4811-43D7-8BD8-E66173AC2420}.Debug|x86.ActiveCfg = Debug|Any CPU
		{9BD71AE2-4811-43D7-8BD8-E66173AC2420}.Release|Any CPU.ActiveCfg = Release|Any CPU
		{9BD71AE2-4811-43D7-8BD8-E66173AC2420}.Release|Any CPU.Build.0 = Release|Any CPU
		{9BD71AE2-4811-43D7-8BD8-E66173AC2420}.Release|Mixed Platforms.ActiveCfg = Release|Any CPU
		{9BD71AE2-4811-43D7-8BD8-E66173AC2420}.Release|Mixed Platforms.Build.0 = Release|Any CPU
		{9BD71AE2-4811-43D7-8BD8-E66173AC2420}.Release|x86.ActiveCfg = Release|Any CPU
	EndGlobalSection
	GlobalSection(SolutionProperties) = preSolution
		HideSolutionNode = FALSE
	EndGlobalSection
EndGlobal
